
Microsoft Visual Studio Solution File, Format Version 12.00
# Visual Studio 15
VisualStudioVersion = 15.0.28307.645
MinimumVisualStudioVersion = 10.0.40219.1
Project("{FAE04EC0-301F-11D3-BF4B-00C04F79EFBC}") = "IMG2PDF", "IMG2PDF\IMG2PDF.csproj", "{B17EF152-CDC7-46B4-9CB3-142134A93400}"
EndProject
Global
	GlobalSection(SolutionConfigurationPlatforms) = preSolution
		Debug|Any CPU = Debug|Any CPU
		Release|Any CPU = Release|Any CPU
	EndGlobalSection
	GlobalSection(ProjectConfigurationPlatforms) = postSolution
		{B17EF152-CDC7-46B4-9CB3-142134A93400}.Debug|Any CPU.ActiveCfg = Debug|Any CPU
		{B17EF152-CDC7-46B4-9CB3-142134A93400}.Debug|Any CPU.Build.0 = Debug|Any CPU
		{B17EF152-CDC7-46B4-9CB3-142134A93400}.Release|Any CPU.ActiveCfg = Release|Any CPU
		{B17EF152-CDC7-46B4-9CB3-142134A93400}.Release|Any CPU.Build.0 = Release|Any CPU
	EndGlobalSection
	GlobalSection(SolutionProperties) = preSolution
		HideSolutionNode = FALSE
	EndGlobalSection
	GlobalSection(ExtensibilityGlobals) = postSolution
		SolutionGuid = {178D39DA-859C-4AEE-AA29-096F7839F9E2}
	EndGlobalSection
EndGlobal
